
Microsoft Visual Studio Solution File, Format Version 12.00
# Visual Studio Version 17
VisualStudioVersion = 17.0.31903.59
MinimumVisualStudioVersion = 10.0.40219.1
Project("{2150E333-8FDC-42A3-9474-1A3956D46DE8}") = "src", "src", "{827E0CD3-B72D-47B6-A68D-7590B98EB39B}"
EndProject
Project("{FAE04EC0-301F-11D3-BF4B-00C04F79EFBC}") = "NetPI.Abstractions", "src\NetPI.Abstractions\NetPI.Abstractions.csproj", "{0973882A-B23A-4008-AEE4-CE3E070B2E55}"
EndProject
Project("{FAE04EC0-301F-11D3-BF4B-00C04F79EFBC}") = "NetPI.Host", "src\NetPI.Host\NetPI.Host.csproj", "{6514942F-BC13-4944-A4A1-6159A46F0C90}"
EndProject
Project("{2150E333-8FDC-42A3-9474-1A3956D46DE8}") = "plugins", "plugins", "{07D57EEB-2F50-60C4-C011-FE4FA775C9A8}"
EndProject
Project("{FAE04EC0-301F-11D3-BF4B-00C04F79EFBC}") = "NetPI.TestPlugin", "plugins\NetPI.TestPlugin\NetPI.TestPlugin.csproj", "{5086FB8C-D4B9-4C11-A03B-0DCA1529C5B1}"
EndProject
Project("{2150E333-8FDC-42A3-9474-1A3956D46DE8}") = "tests", "tests", "{0AB3BF05-4346-4AA6-1389-037BE0695223}"
EndProject
Project("{FAE04EC0-301F-11D3-BF4B-00C04F79EFBC}") = "NetPI.Host.Tests", "tests\NetPI.Host.Tests\NetPI.Host.Tests.csproj", "{05191E35-8456-463B-80E8-FD130F7F5457}"
EndProject
Project("{FAE04EC0-301F-11D3-BF4B-00C04F79EFBC}") = "NetPI.Agent", "plugins\NetPI.Agent\NetPI.Agent.csproj", "{39FE3E4B-24CB-47A6-A8D6-7B43F081CCF3}"
EndProject
Project("{FAE04EC0-301F-11D3-BF4B-00C04F79EFBC}") = "NetPI.Context.Pi", "plugins\NetPI.Context.Pi\NetPI.Context.Pi.csproj", "{DEC4B33B-E945-422C-8D94-0D3F9A73D8AA}"
EndProject
Project("{FAE04EC0-301F-11D3-BF4B-00C04F79EFBC}") = "NetPI.Provider.AiProxy", "plugins\NetPI.Provider.AiProxy\NetPI.Provider.AiProxy.csproj", "{3E04FA8B-1EDD-43E3-ABAE-BA04622B2D26}"
EndProject
Project("{FAE04EC0-301F-11D3-BF4B-00C04F79EFBC}") = "NetPI.Storage.Sqlite", "plugins\NetPI.Storage.Sqlite\NetPI.Storage.Sqlite.csproj", "{08FE7D12-1BFC-4EE2-8E1B-89C416F03640}"
EndProject
Project("{FAE04EC0-301F-11D3-BF4B-00C04F79EFBC}") = "NetPI.Tools", "plugins\NetPI.Tools\NetPI.Tools.csproj", "{3BA8FCD0-3923-499B-BDEC-4D9AD85F598C}"
EndProject
Project("{FAE04EC0-301F-11D3-BF4B-00C04F79EFBC}") = "NetPI.Web", "plugins\NetPI.Web\NetPI.Web.csproj", "{D1308F97-2A85-4954-B032-07289FF7ED01}"
EndProject
Project("{FAE04EC0-301F-11D3-BF4B-00C04F79EFBC}") = "NetPI.AutoCompact", "plugins\NetPI.AutoCompact\NetPI.AutoCompact.csproj", "{7CF29E57-A021-4A40-A511-A21B29409068}"
EndProject
Project("{FAE04EC0-301F-11D3-BF4B-00C04F79EFBC}") = "NetPI.Retry", "plugins\NetPI.Retry\NetPI.Retry.csproj", "{39C18261-04A9-408C-887D-C419AAB74B9E}"
EndProject
Global
	GlobalSection(SolutionConfigurationPlatforms) = preSolution
		Debug|Any CPU = Debug|Any CPU
		Debug|x64 = Debug|x64
		Debug|x86 = Debug|x86
		Release|Any CPU = Release|Any CPU
		Release|x64 = Release|x64
		Release|x86 = Release|x86
	EndGlobalSection
	GlobalSection(ProjectConfigurationPlatforms) = postSolution
		{0973882A-B23A-4008-AEE4-CE3E070B2E55}.Debug|Any CPU.ActiveCfg = Debug|Any CPU
		{0973882A-B23A-4008-AEE4-CE3E070B2E55}.Debug|Any CPU.Build.0 = Debug|Any CPU
		{0973882A-B23A-4008-AEE4-CE3E070B2E55}.Debug|x64.ActiveCfg = Debug|Any CPU
		{0973882A-B23A-4008-AEE4-CE3E070B2E55}.Debug|x64.Build.0 = Debug|Any CPU
		{0973882A-B23A-4008-AEE4-CE3E070B2E55}.Debug|x86.ActiveCfg = Debug|Any CPU
		{0973882A-B23A-4008-AEE4-CE3E070B2E55}.Debug|x86.Build.0 = Debug|Any CPU
		{0973882A-B23A-4008-AEE4-CE3E070B2E55}.Release|Any CPU.ActiveCfg = Release|Any CPU
		{0973882A-B23A-4008-AEE4-CE3E070B2E55}.Release|Any CPU.Build.0 = Release|Any CPU
		{0973882A-B23A-4008-AEE4-CE3E070B2E55}.Release|x64.ActiveCfg = Release|Any CPU
		{0973882A-B23A-4008-AEE4-CE3E070B2E55}.Release|x64.Build.0 = Release|Any CPU
		{0973882A-B23A-4008-AEE4-CE3E070B2E55}.Release|x86.ActiveCfg = Release|Any CPU
		{0973882A-B23A-4008-AEE4-CE3E070B2E55}.Release|x86.Build.0 = Release|Any CPU
		{6514942F-BC13-4944-A4A1-6159A46F0C90}.Debug|Any CPU.ActiveCfg = Debug|Any CPU
		{6514942F-BC13-4944-A4A1-6159A46F0C90}.Debug|Any CPU.Build.0 = Debug|Any CPU
		{6514942F-BC13-4944-A4A1-6159A46F0C90}.Debug|x64.ActiveCfg = Debug|Any CPU
		{6514942F-BC13-4944-A4A1-6159A46F0C90}.Debug|x64.Build.0 = Debug|Any CPU
		{6514942F-BC13-4944-A4A1-6159A46F0C90}.Debug|x86.ActiveCfg = Debug|Any CPU
		{6514942F-BC13-4944-A4A1-6159A46F0C90}.Debug|x86.Build.0 = Debug|Any CPU
		{6514942F-BC13-4944-A4A1-6159A46F0C90}.Release|Any CPU.ActiveCfg = Release|Any CPU
		{6514942F-BC13-4944-A4A1-6159A46F0C90}.Release|Any CPU.Build.0 = Release|Any CPU
		{6514942F-BC13-4944-A4A1-6159A46F0C90}.Release|x64.ActiveCfg = Release|Any CPU
		{6514942F-BC13-4944-A4A1-6159A46F0C90}.Release|x64.Build.0 = Release|Any CPU
		{6514942F-BC13-4944-A4A1-6159A46F0C90}.Release|x86.ActiveCfg = Release|Any CPU
		{6514942F-BC13-4944-A4A1-6159A46F0C90}.Release|x86.Build.0 = Release|Any CPU
		{5086FB8C-D4B9-4C11-A03B-0DCA1529C5B1}.Debug|Any CPU.ActiveCfg = Debug|Any CPU
		{5086FB8C-D4B9-4C11-A03B-0DCA1529C5B1}.Debug|Any CPU.Build.0 = Debug|Any CPU
		{5086FB8C-D4B9-4C11-A03B-0DCA1529C5B1}.Debug|x64.ActiveCfg = Debug|Any CPU
		{5086FB8C-D4B9-4C11-A03B-0DCA1529C5B1}.Debug|x64.Build.0 = Debug|Any CPU
		{5086FB8C-D4B9-4C11-A03B-0DCA1529C5B1}.Debug|x86.ActiveCfg = Debug|Any CPU
		{5086FB8C-D4B9-4C11-A03B-0DCA1529C5B1}.Debug|x86.Build.0 = Debug|Any CPU
		{5086FB8C-D4B9-4C11-A03B-0DCA1529C5B1}.Release|Any CPU.ActiveCfg = Release|Any CPU
		{5086FB8C-D4B9-4C11-A03B-0DCA1529C5B1}.Release|Any CPU.Build.0 = Release|Any CPU
		{5086FB8C-D4B9-4C11-A03B-0DCA1529C5B1}.Release|x64.ActiveCfg = Release|Any CPU
		{5086FB8C-D4B9-4C11-A03B-0DCA1529C5B1}.Release|x64.Build.0 = Release|Any CPU
		{5086FB8C-D4B9-4C11-A03B-0DCA1529C5B1}.Release|x86.ActiveCfg = Release|Any CPU
		{5086FB8C-D4B9-4C11-A03B-0DCA1529C5B1}.Release|x86.Build.0 = Release|Any CPU
		{05191E35-8456-463B-80E8-FD130F7F5457}.Debug|Any CPU.ActiveCfg = Debug|Any CPU
		{05191E35-8456-463B-80E8-FD130F7F5457}.Debug|Any CPU.Build.0 = Debug|Any CPU
		{05191E35-8456-463B-80E8-FD130F7F5457}.Debug|x64.ActiveCfg = Debug|Any CPU
		{05191E35-8456-463B-80E8-FD130F7F5457}.Debug|x64.Build.0 = Debug|Any CPU
		{05191E35-8456-463B-80E8-FD130F7F5457}.Debug|x86.ActiveCfg = Debug|Any CPU
		{05191E35-8456-463B-80E8-FD130F7F5457}.Debug|x86.Build.0 = Debug|Any CPU
		{05191E35-8456-463B-80E8-FD130F7F5457}.Release|Any CPU.ActiveCfg = Release|Any CPU
		{05191E35-8456-463B-80E8-FD130F7F5457}.Release|Any CPU.Build.0 = Release|Any CPU
		{05191E35-8456-463B-80E8-FD130F7F5457}.Release|x64.ActiveCfg = Release|Any CPU
		{05191E35-8456-463B-80E8-FD130F7F5457}.Release|x64.Build.0 = Release|Any CPU
		{05191E35-8456-463B-80E8-FD130F7F5457}.Release|x86.ActiveCfg = Release|Any CPU
		{05191E35-8456-463B-80E8-FD130F7F5457}.Release|x86.Build.0 = Release|Any CPU
		{39FE3E4B-24CB-47A6-A8D6-7B43F081CCF3}.Debug|Any CPU.ActiveCfg = Debug|Any CPU
		{39FE3E4B-24CB-47A6-A8D6-7B43F081CCF3}.Debug|Any CPU.Build.0 = Debug|Any CPU
		{39FE3E4B-24CB-47A6-A8D6-7B43F081CCF3}.Debug|x64.ActiveCfg = Debug|Any CPU
		{39FE3E4B-24CB-47A6-A8D6-7B43F081CCF3}.Debug|x64.Build.0 = Debug|Any CPU
		{39FE3E4B-24CB-47A6-A8D6-7B43F081CCF3}.Debug|x86.ActiveCfg = Debug|Any CPU
		{39FE3E4B-24CB-47A6-A8D6-7B43F081CCF3}.Debug|x86.Build.0 = Debug|Any CPU
		{39FE3E4B-24CB-47A6-A8D6-7B43F081CCF3}.Release|Any CPU.ActiveCfg = Release|Any CPU
		{39FE3E4B-24CB-47A6-A8D6-7B43F081CCF3}.Release|Any CPU.Build.0 = Release|Any CPU
		{39FE3E4B-24CB-47A6-A8D6-7B43F081CCF3}.Release|x64.ActiveCfg = Release|Any CPU
		{39FE3E4B-24CB-47A6-A8D6-7B43F081CCF3}.Release|x64.Build.0 = Release|Any CPU
		{39FE3E4B-24CB-47A6-A8D6-7B43F081CCF3}.Release|x86.ActiveCfg = Release|Any CPU
		{39FE3E4B-24CB-47A6-A8D6-7B43F081CCF3}.Release|x86.Build.0 = Release|Any CPU
		{DEC4B33B-E945-422C-8D94-0D3F9A73D8AA}.Debug|Any CPU.ActiveCfg = Debug|Any CPU
		{DEC4B33B-E945-422C-8D94-0D3F9A73D8AA}.Debug|Any CPU.Build.0 = Debug|Any CPU
		{DEC4B33B-E945-422C-8D94-0D3F9A73D8AA}.Debug|x64.ActiveCfg = Debug|Any CPU
		{DEC4B33B-E945-422C-8D94-0D3F9A73D8AA}.Debug|x64.Build.0 = Debug|Any CPU
		{DEC4B33B-E945-422C-8D94-0D3F9A73D8AA}.Debug|x86.ActiveCfg = Debug|Any CPU
		{DEC4B33B-E945-422C-8D94-0D3F9A73D8AA}.Debug|x86.Build.0 = Debug|Any CPU
		{DEC4B33B-E945-422C-8D94-0D3F9A73D8AA}.Release|Any CPU.ActiveCfg = Release|Any CPU
		{DEC4B33B-E945-422C-8D94-0D3F9A73D8AA}.Release|Any CPU.Build.0 = Release|Any CPU
		{DEC4B33B-E945-422C-8D94-0D3F9A73D8AA}.Release|x64.ActiveCfg = Release|Any CPU
		{DEC4B33B-E945-422C-8D94-0D3F9A73D8AA}.Release|x64.Build.0 = Release|Any CPU
		{DEC4B33B-E945-422C-8D94-0D3F9A73D8AA}.Release|x86.ActiveCfg = Release|Any CPU
		{DEC4B33B-E945-422C-8D94-0D3F9A73D8AA}.Release|x86.Build.0 = Release|Any CPU
		{3E04FA8B-1EDD-43E3-ABAE-BA04622B2D26}.Debug|Any CPU.ActiveCfg = Debug|Any CPU
		{3E04FA8B-1EDD-43E3-ABAE-BA04622B2D26}.Debug|Any CPU.Build.0 = Debug|Any CPU
		{3E04FA8B-1EDD-43E3-ABAE-BA04622B2D26}.Debug|x64.ActiveCfg = Debug|Any CPU
		{3E04FA8B-1EDD-43E3-ABAE-BA04622B2D26}.Debug|x64.Build.0 = Debug|Any CPU
		{3E04FA8B-1EDD-43E3-ABAE-BA04622B2D26}.Debug|x86.ActiveCfg = Debug|Any CPU
		{3E04FA8B-1EDD-43E3-ABAE-BA04622B2D26}.Debug|x86.Build.0 = Debug|Any CPU
		{3E04FA8B-1EDD-43E3-ABAE-BA04622B2D26}.Release|Any CPU.ActiveCfg = Release|Any CPU
		{3E04FA8B-1EDD-43E3-ABAE-BA04622B2D26}.Release|Any CPU.Build.0 = Release|Any CPU
		{3E04FA8B-1EDD-43E3-ABAE-BA04622B2D26}.Release|x64.ActiveCfg = Release|Any CPU
		{3E04FA8B-1EDD-43E3-ABAE-BA04622B2D26}.Release|x64.Build.0 = Release|Any CPU
		{3E04FA8B-1EDD-43E3-ABAE-BA04622B2D26}.Release|x86.ActiveCfg = Release|Any CPU
		{3E04FA8B-1EDD-43E3-ABAE-BA04622B2D26}.Release|x86.Build.0 = Release|Any CPU
		{08FE7D12-1BFC-4EE2-8E1B-89C416F03640}.Debug|Any CPU.ActiveCfg = Debug|Any CPU
		{08FE7D12-1BFC-4EE2-8E1B-89C416F03640}.Debug|Any CPU.Build.0 = Debug|Any CPU
		{08FE7D12-1BFC-4EE2-8E1B-89C416F03640}.Debug|x64.ActiveCfg = Debug|Any CPU
		{08FE7D12-1BFC-4EE2-8E1B-89C416F03640}.Debug|x64.Build.0 = Debug|Any CPU
		{08FE7D12-1BFC-4EE2-8E1B-89C416F03640}.Debug|x86.ActiveCfg = Debug|Any CPU
		{08FE7D12-1BFC-4EE2-8E1B-89C416F03640}.Debug|x86.Build.0 = Debug|Any CPU
		{08FE7D12-1BFC-4EE2-8E1B-89C416F03640}.Release|Any CPU.ActiveCfg = Release|Any CPU
		{08FE7D12-1BFC-4EE2-8E1B-89C416F03640}.Release|Any CPU.Build.0 = Release|Any CPU
		{08FE7D12-1BFC-4EE2-8E1B-89C416F03640}.Release|x64.ActiveCfg = Release|Any CPU
		{08FE7D12-1BFC-4EE2-8E1B-89C416F03640}.Release|x64.Build.0 = Release|Any CPU
		{08FE7D12-1BFC-4EE2-8E1B-89C416F03640}.Release|x86.ActiveCfg = Release|Any CPU
		{08FE7D12-1BFC-4EE2-8E1B-89C416F03640}.Release|x86.Build.0 = Release|Any CPU
		{3BA8FCD0-3923-499B-BDEC-4D9AD85F598C}.Debug|Any CPU.ActiveCfg = Debug|Any CPU
		{3BA8FCD0-3923-499B-BDEC-4D9AD85F598C}.Debug|Any CPU.Build.0 = Debug|Any CPU
		{3BA8FCD0-3923-499B-BDEC-4D9AD85F598C}.Debug|x64.ActiveCfg = Debug|Any CPU
		{3BA8FCD0-3923-499B-BDEC-4D9AD85F598C}.Debug|x64.Build.0 = Debug|Any CPU
		{3BA8FCD0-3923-499B-BDEC-4D9AD85F598C}.Debug|x86.ActiveCfg = Debug|Any CPU
		{3BA8FCD0-3923-499B-BDEC-4D9AD85F598C}.Debug|x86.Build.0 = Debug|Any CPU
		{3BA8FCD0-3923-499B-BDEC-4D9AD85F598C}.Release|Any CPU.ActiveCfg = Release|Any CPU
		{3BA8FCD0-3923-499B-BDEC-4D9AD85F598C}.Release|Any CPU.Build.0 = Release|Any CPU
		{3BA8FCD0-3923-499B-BDEC-4D9AD85F598C}.Release|x64.ActiveCfg = Release|Any CPU
		{3BA8FCD0-3923-499B-BDEC-4D9AD85F598C}.Release|x64.Build.0 = Release|Any CPU
		{3BA8FCD0-3923-499B-BDEC-4D9AD85F598C}.Release|x86.ActiveCfg = Release|Any CPU
		{3BA8FCD0-3923-499B-BDEC-4D9AD85F598C}.Release|x86.Build.0 = Release|Any CPU
		{D1308F97-2A85-4954-B032-07289FF7ED01}.Debug|Any CPU.ActiveCfg = Debug|Any CPU
		{D1308F97-2A85-4954-B032-07289FF7ED01}.Debug|Any CPU.Build.0 = Debug|Any CPU
		{D1308F97-2A85-4954-B032-07289FF7ED01}.Debug|x64.ActiveCfg = Debug|Any CPU
		{D1308F97-2A85-4954-B032-07289FF7ED01}.Debug|x64.Build.0 = Debug|Any CPU
		{D1308F97-2A85-4954-B032-07289FF7ED01}.Debug|x86.ActiveCfg = Debug|Any CPU
		{D1308F97-2A85-4954-B032-07289FF7ED01}.Debug|x86.Build.0 = Debug|Any CPU
		{D1308F97-2A85-4954-B032-07289FF7ED01}.Release|Any CPU.ActiveCfg = Release|Any CPU
		{D1308F97-2A85-4954-B032-07289FF7ED01}.Release|Any CPU.Build.0 = Release|Any CPU
		{D1308F97-2A85-4954-B032-07289FF7ED01}.Release|x64.ActiveCfg = Release|Any CPU
		{D1308F97-2A85-4954-B032-07289FF7ED01}.Release|x64.Build.0 = Release|Any CPU
		{D1308F97-2A85-4954-B032-07289FF7ED01}.Release|x86.ActiveCfg = Release|Any CPU
		{D1308F97-2A85-4954-B032-07289FF7ED01}.Release|x86.Build.0 = Release|Any CPU
		{7CF29E57-A021-4A40-A511-A21B29409068}.Debug|Any CPU.ActiveCfg = Debug|Any CPU
		{7CF29E57-A021-4A40-A511-A21B29409068}.Debug|Any CPU.Build.0 = Debug|Any CPU
		{7CF29E57-A021-4A40-A511-A21B29409068}.Debug|x64.ActiveCfg = Debug|Any CPU
		{7CF29E57-A021-4A40-A511-A21B29409068}.Debug|x64.Build.0 = Debug|Any CPU
		{7CF29E57-A021-4A40-A511-A21B29409068}.Debug|x86.ActiveCfg = Debug|Any CPU
		{7CF29E57-A021-4A40-A511-A21B29409068}.Debug|x86.Build.0 = Debug|Any CPU
		{7CF29E57-A021-4A40-A511-A21B29409068}.Release|Any CPU.ActiveCfg = Release|Any CPU
		{7CF29E57-A021-4A40-A511-A21B29409068}.Release|Any CPU.Build.0 = Release|Any CPU
		{7CF29E57-A021-4A40-A511-A21B29409068}.Release|x64.ActiveCfg = Release|Any CPU
		{7CF29E57-A021-4A40-A511-A21B29409068}.Release|x64.Build.0 = Release|Any CPU
		{7CF29E57-A021-4A40-A511-A21B29409068}.Release|x86.ActiveCfg = Release|Any CPU
		{7CF29E57-A021-4A40-A511-A21B29409068}.Release|x86.Build.0 = Release|Any CPU
		{39C18261-04A9-408C-887D-C419AAB74B9E}.Debug|Any CPU.ActiveCfg = Debug|Any CPU
		{39C18261-04A9-408C-887D-C419AAB74B9E}.Debug|Any CPU.Build.0 = Debug|Any CPU
		{39C18261-04A9-408C-887D-C419AAB74B9E}.Debug|x64.ActiveCfg = Debug|Any CPU
		{39C18261-04A9-408C-887D-C419AAB74B9E}.Debug|x64.Build.0 = Debug|Any CPU
		{39C18261-04A9-408C-887D-C419AAB74B9E}.Debug|x86.ActiveCfg = Debug|Any CPU
		{39C18261-04A9-408C-887D-C419AAB74B9E}.Debug|x86.Build.0 = Debug|Any CPU
		{39C18261-04A9-408C-887D-C419AAB74B9E}.Release|Any CPU.ActiveCfg = Release|Any CPU
		{39C18261-04A9-408C-887D-C419AAB74B9E}.Release|Any CPU.Build.0 = Release|Any CPU
		{39C18261-04A9-408C-887D-C419AAB74B9E}.Release|x64.ActiveCfg = Release|Any CPU
		{39C18261-04A9-408C-887D-C419AAB74B9E}.Release|x64.Build.0 = Release|Any CPU
		{39C18261-04A9-408C-887D-C419AAB74B9E}.Release|x86.ActiveCfg = Release|Any CPU
		{39C18261-04A9-408C-887D-C419AAB74B9E}.Release|x86.Build.0 = Release|Any CPU
	EndGlobalSection
	GlobalSection(SolutionProperties) = preSolution
		HideSolutionNode = FALSE
	EndGlobalSection
	GlobalSection(NestedProjects) = preSolution
		{0973882A-B23A-4008-AEE4-CE3E070B2E55} = {827E0CD3-B72D-47B6-A68D-7590B98EB39B}
		{6514942F-BC13-4944-A4A1-6159A46F0C90} = {827E0CD3-B72D-47B6-A68D-7590B98EB39B}
		{5086FB8C-D4B9-4C11-A03B-0DCA1529C5B1} = {07D57EEB-2F50-60C4-C011-FE4FA775C9A8}
		{05191E35-8456-463B-80E8-FD130F7F5457} = {0AB3BF05-4346-4AA6-1389-037BE0695223}
		{39FE3E4B-24CB-47A6-A8D6-7B43F081CCF3} = {07D57EEB-2F50-60C4-C011-FE4FA775C9A8}
		{DEC4B33B-E945-422C-8D94-0D3F9A73D8AA} = {07D57EEB-2F50-60C4-C011-FE4FA775C9A8}
		{3E04FA8B-1EDD-43E3-ABAE-BA04622B2D26} = {07D57EEB-2F50-60C4-C011-FE4FA775C9A8}
		{08FE7D12-1BFC-4EE2-8E1B-89C416F03640} = {07D57EEB-2F50-60C4-C011-FE4FA775C9A8}
		{3BA8FCD0-3923-499B-BDEC-4D9AD85F598C} = {07D57EEB-2F50-60C4-C011-FE4FA775C9A8}
		{D1308F97-2A85-4954-B032-07289FF7ED01} = {07D57EEB-2F50-60C4-C011-FE4FA775C9A8}
		{7CF29E57-A021-4A40-A511-A21B29409068} = {07D57EEB-2F50-60C4-C011-FE4FA775C9A8}
		{39C18261-04A9-408C-887D-C419AAB74B9E} = {07D57EEB-2F50-60C4-C011-FE4FA775C9A8}
	EndGlobalSection
EndGlobal
