<Solution>
  <Folder Name="/plugins/">
    <Project Path="plugins/NetPI.Agent/NetPI.Agent.csproj" />
    <Project Path="plugins/NetPI.AgentsMd/NetPI.AgentsMd.csproj" />
    <Project Path="plugins/NetPI.Compaction/NetPI.Compaction.csproj" />
    <Project Path="plugins/NetPI.Context/NetPI.Context.csproj" />
    <Project Path="plugins/NetPI.Diagnostics/NetPI.Diagnostics.csproj" />
    <Project Path="plugins/NetPI.Ideas/NetPI.Ideas.csproj" />
    <Project Path="plugins/NetPI.Lanes/NetPI.Lanes.csproj" />
    <Project Path="plugins/NetPI.Nudge/NetPI.Nudge.csproj" />
    <Project Path="plugins/NetPI.Providers.AiProxy/NetPI.Providers.AiProxy.csproj" />
    <Project Path="plugins/NetPI.Providers.Anthropic/NetPI.Providers.Anthropic.csproj" />
    <Project Path="plugins/NetPI.Providers.OpenRouter/NetPI.Providers.OpenRouter.csproj" />
    <Project Path="plugins/NetPI.Retry/NetPI.Retry.csproj" />
    <Project Path="plugins/NetPI.ToolRepair/NetPI.ToolRepair.csproj" />
    <Project Path="plugins/NetPI.Tools.Agents/NetPI.Tools.Agents.csproj" />
    <Project Path="plugins/NetPI.Tools.Files/NetPI.Tools.Files.csproj" />
    <Project Path="plugins/NetPI.Tools.Shell/NetPI.Tools.Shell.csproj" />
    <Project Path="plugins/NetPI.Work/NetPI.Work.csproj" />
  </Folder>
  <Folder Name="/src/">
    <Project Path="src/NetPI.Abstractions/NetPI.Abstractions.csproj" />
    <Project Path="src/NetPI.Desktop/NetPI.Desktop.csproj" />
    <Project Path="src/NetPI.Host/NetPI.Host.csproj" />
    <Project Path="src/NetPI.Server/NetPI.Server.csproj" />
  </Folder>
  <Folder Name="/tests/">
    <Project Path="tests/MockLlm/MockLlm.csproj" />
    <Project Path="tests/NetPI.Agent.Tests/NetPI.Agent.Tests.csproj" />
    <Project Path="tests/NetPI.Aux.Tests/NetPI.Aux.Tests.csproj" />
    <Project Path="tests/NetPI.E2E/NetPI.E2E.csproj" />
    <Project Path="tests/NetPI.Host.Tests/NetPI.Host.Tests.csproj" />
    <Project Path="tests/NetPI.Providers.Tests/NetPI.Providers.Tests.csproj" />
    <Project Path="tests/NetPI.Tools.Tests/NetPI.Tools.Tests.csproj" />
  </Folder>
</Solution>
